// !$*UTF8*$!
{
	archiveVersion = 1;
	classes = {
	};
	objectVersion = 46;
	objects = {

/* Begin PBXBuildFile section */
		3A399C721D84A5CA009F9D4D /* GoogleService-Info.plist in Resources */ = {isa = PBXBuildFile; fileRef = 3A399C711D84A5CA009F9D4D /* GoogleService-Info.plist */; };
		3A399C741D84C2E5009F9D4D /* SignupViewController.swift in Sources */ = {isa = PBXBuildFile; fileRef = 3A399C731D84C2E5009F9D4D /* SignupViewController.swift */; };
		3A399C761D84CEBF009F9D4D /* MapViewController.swift in Sources */ = {isa = PBXBuildFile; fileRef = 3A399C751D84CEBF009F9D4D /* MapViewController.swift */; };
		3A399C781D84E001009F9D4D /* MapKit.framework in Frameworks */ = {isa = PBXBuildFile; fileRef = 3A399C771D84E001009F9D4D /* MapKit.framework */; };
		3A399C7A1D84EA64009F9D4D /* Backend.swift in Sources */ = {isa = PBXBuildFile; fileRef = 3A399C791D84EA64009F9D4D /* Backend.swift */; };
		3A399C7C1D84EE1F009F9D4D /* sharedManager.swift in Sources */ = {isa = PBXBuildFile; fileRef = 3A399C7B1D84EE1F009F9D4D /* sharedManager.swift */; };
		4434E4FB1D83871800726A4C /* AppDelegate.swift in Sources */ = {isa = PBXBuildFile; fileRef = 4434E4FA1D83871800726A4C /* AppDelegate.swift */; };
		4434E4FD1D83871800726A4C /* ViewController.swift in Sources */ = {isa = PBXBuildFile; fileRef = 4434E4FC1D83871800726A4C /* ViewController.swift */; };
		4434E5001D83871800726A4C /* Main.storyboard in Resources */ = {isa = PBXBuildFile; fileRef = 4434E4FE1D83871800726A4C /* Main.storyboard */; };
		4434E5021D83871800726A4C /* Assets.xcassets in Resources */ = {isa = PBXBuildFile; fileRef = 4434E5011D83871800726A4C /* Assets.xcassets */; };
		4434E5051D83871800726A4C /* LaunchScreen.storyboard in Resources */ = {isa = PBXBuildFile; fileRef = 4434E5031D83871800726A4C /* LaunchScreen.storyboard */; };
		4434E51C1D83EC4400726A4C /* userAuthentication.swift in Sources */ = {isa = PBXBuildFile; fileRef = 4434E51B1D83EC4400726A4C /* userAuthentication.swift */; };
		4434E51F1D83FE9900726A4C /* database.swift in Sources */ = {isa = PBXBuildFile; fileRef = 4434E51E1D83FE9900726A4C /* database.swift */; };
		4434E5211D84018B00726A4C /* listing.swift in Sources */ = {isa = PBXBuildFile; fileRef = 4434E5201D84018B00726A4C /* listing.swift */; };
/* End PBXBuildFile section */

/* Begin PBXFileReference section */
		15660B58C6B3067C732FBA51 /* Pods-parkingShare.release.xcconfig */ = {isa = PBXFileReference; includeInIndex = 1; lastKnownFileType = text.xcconfig; name = "Pods-parkingShare.release.xcconfig"; path = "Pods/Target Support Files/Pods-parkingShare/Pods-parkingShare.release.xcconfig"; sourceTree = "<group>"; };
		3A399C711D84A5CA009F9D4D /* GoogleService-Info.plist */ = {isa = PBXFileReference; fileEncoding = 4; lastKnownFileType = text.plist.xml; name = "GoogleService-Info.plist"; path = "parkingShare/GoogleService-Info.plist"; sourceTree = "<group>"; };
		3A399C731D84C2E5009F9D4D /* SignupViewController.swift */ = {isa = PBXFileReference; fileEncoding = 4; lastKnownFileType = sourcecode.swift; path = SignupViewController.swift; sourceTree = "<group>"; };
		3A399C751D84CEBF009F9D4D /* MapViewController.swift */ = {isa = PBXFileReference; fileEncoding = 4; lastKnownFileType = sourcecode.swift; path = MapViewController.swift; sourceTree = "<group>"; };
		3A399C771D84E001009F9D4D /* MapKit.framework */ = {isa = PBXFileReference; lastKnownFileType = wrapper.framework; name = MapKit.framework; path = System/Library/Frameworks/MapKit.framework; sourceTree = SDKROOT; };
		3A399C791D84EA64009F9D4D /* Backend.swift */ = {isa = PBXFileReference; fileEncoding = 4; lastKnownFileType = sourcecode.swift; path = Backend.swift; sourceTree = "<group>"; };
		3A399C7B1D84EE1F009F9D4D /* sharedManager.swift */ = {isa = PBXFileReference; fileEncoding = 4; lastKnownFileType = sourcecode.swift; path = sharedManager.swift; sourceTree = "<group>"; };
		4434E4F71D83871800726A4C /* parkingShare.app */ = {isa = PBXFileReference; explicitFileType = wrapper.application; includeInIndex = 0; path = parkingShare.app; sourceTree = BUILT_PRODUCTS_DIR; };
		4434E4FA1D83871800726A4C /* AppDelegate.swift */ = {isa = PBXFileReference; lastKnownFileType = sourcecode.swift; path = AppDelegate.swift; sourceTree = "<group>"; };
		4434E4FC1D83871800726A4C /* ViewController.swift */ = {isa = PBXFileReference; lastKnownFileType = sourcecode.swift; path = ViewController.swift; sourceTree = "<group>"; };
		4434E4FF1D83871800726A4C /* Base */ = {isa = PBXFileReference; lastKnownFileType = file.storyboard; name = Base; path = Base.lproj/Main.storyboard; sourceTree = "<group>"; };
		4434E5011D83871800726A4C /* Assets.xcassets */ = {isa = PBXFileReference; lastKnownFileType = folder.assetcatalog; path = Assets.xcassets; sourceTree = "<group>"; };
		4434E5041D83871800726A4C /* Base */ = {isa = PBXFileReference; lastKnownFileType = file.storyboard; name = Base; path = Base.lproj/LaunchScreen.storyboard; sourceTree = "<group>"; };
		4434E5061D83871800726A4C /* Info.plist */ = {isa = PBXFileReference; lastKnownFileType = text.plist.xml; path = Info.plist; sourceTree = "<group>"; };
		4434E5131D839F7400726A4C /* parkingShare-Bridging-Header.h */ = {isa = PBXFileReference; lastKnownFileType = sourcecode.c.h; path = "parkingShare-Bridging-Header.h"; sourceTree = "<group>"; };
		4434E51B1D83EC4400726A4C /* userAuthentication.swift */ = {isa = PBXFileReference; fileEncoding = 4; lastKnownFileType = sourcecode.swift; path = userAuthentication.swift; sourceTree = "<group>"; };
		4434E51E1D83FE9900726A4C /* database.swift */ = {isa = PBXFileReference; fileEncoding = 4; lastKnownFileType = sourcecode.swift; path = database.swift; sourceTree = "<group>"; };
		4434E5201D84018B00726A4C /* listing.swift */ = {isa = PBXFileReference; fileEncoding = 4; lastKnownFileType = sourcecode.swift; path = listing.swift; sourceTree = "<group>"; };
		66F3270E68391A9CF259851D /* Pods_parkingShare.framework */ = {isa = PBXFileReference; explicitFileType = wrapper.framework; includeInIndex = 0; path = Pods_parkingShare.framework; sourceTree = BUILT_PRODUCTS_DIR; };
		D10A47F981ED3E37E002CF2C /* Pods-parkingShare.debug.xcconfig */ = {isa = PBXFileReference; includeInIndex = 1; lastKnownFileType = text.xcconfig; name = "Pods-parkingShare.debug.xcconfig"; path = "Pods/Target Support Files/Pods-parkingShare/Pods-parkingShare.debug.xcconfig"; sourceTree = "<group>"; };
/* End PBXFileReference section */

/* Begin PBXFrameworksBuildPhase section */
		4434E4F41D83871800726A4C /* Frameworks */ = {
			isa = PBXFrameworksBuildPhase;
			buildActionMask = 2147483647;
			files = (
				3A399C781D84E001009F9D4D /* MapKit.framework in Frameworks */,
			);
			runOnlyForDeploymentPostprocessing = 0;
		};
/* End PBXFrameworksBuildPhase section */

/* Begin PBXGroup section */
		07AE4C39BCCFB0DDCE0C2FF9 /* Pods */ = {
			isa = PBXGroup;
			children = (
				D10A47F981ED3E37E002CF2C /* Pods-parkingShare.debug.xcconfig */,
				15660B58C6B3067C732FBA51 /* Pods-parkingShare.release.xcconfig */,
			);
			name = Pods;
			sourceTree = "<group>";
		};
		3AF32F8A1D83C97F005B443B /* Authentication */ = {
			isa = PBXGroup;
			children = (
				4434E51B1D83EC4400726A4C /* userAuthentication.swift */,
			);
			name = Authentication;
			sourceTree = "<group>";
		};
		4434E4EE1D83871800726A4C = {
			isa = PBXGroup;
			children = (
				3A399C711D84A5CA009F9D4D /* GoogleService-Info.plist */,
				4434E4F91D83871800726A4C /* parkingShare */,
				4434E4F81D83871800726A4C /* Products */,
				07AE4C39BCCFB0DDCE0C2FF9 /* Pods */,
				E85FCB0D3132520E59CB6E57 /* Frameworks */,
			);
			sourceTree = "<group>";
		};
		4434E4F81D83871800726A4C /* Products */ = {
			isa = PBXGroup;
			children = (
				4434E4F71D83871800726A4C /* parkingShare.app */,
			);
			name = Products;
			sourceTree = "<group>";
		};
		4434E4F91D83871800726A4C /* parkingShare */ = {
			isa = PBXGroup;
			children = (
				4434E51D1D83FDD900726A4C /* RTDatabase */,
				3AF32F8A1D83C97F005B443B /* Authentication */,
				4434E4FA1D83871800726A4C /* AppDelegate.swift */,
				4434E4FC1D83871800726A4C /* ViewController.swift */,
				4434E4FE1D83871800726A4C /* Main.storyboard */,
				3A399C751D84CEBF009F9D4D /* MapViewController.swift */,
				3A399C731D84C2E5009F9D4D /* SignupViewController.swift */,
				4434E5011D83871800726A4C /* Assets.xcassets */,
				4434E5031D83871800726A4C /* LaunchScreen.storyboard */,
				4434E5061D83871800726A4C /* Info.plist */,
				4434E5131D839F7400726A4C /* parkingShare-Bridging-Header.h */,
			);
			path = parkingShare;
			sourceTree = "<group>";
		};
		4434E51D1D83FDD900726A4C /* RTDatabase */ = {
			isa = PBXGroup;
			children = (
				4434E51E1D83FE9900726A4C /* database.swift */,
				3A399C791D84EA64009F9D4D /* Backend.swift */,
				3A399C7B1D84EE1F009F9D4D /* sharedManager.swift */,
				4434E5201D84018B00726A4C /* listing.swift */,
			);
			name = RTDatabase;
			sourceTree = "<group>";
		};
		E85FCB0D3132520E59CB6E57 /* Frameworks */ = {
			isa = PBXGroup;
			children = (
				3A399C771D84E001009F9D4D /* MapKit.framework */,
				66F3270E68391A9CF259851D /* Pods_parkingShare.framework */,
			);
			name = Frameworks;
			sourceTree = "<group>";
		};
/* End PBXGroup section */

/* Begin PBXNativeTarget section */
		4434E4F61D83871800726A4C /* parkingShare */ = {
			isa = PBXNativeTarget;
			buildConfigurationList = 4434E5091D83871800726A4C /* Build configuration list for PBXNativeTarget "parkingShare" */;
			buildPhases = (
				5035E591E86072BDFA8B8E77 /* [CP] Check Pods Manifest.lock */,
				4434E4F31D83871800726A4C /* Sources */,
				4434E4F41D83871800726A4C /* Frameworks */,
				4434E4F51D83871800726A4C /* Resources */,
				FB7D736882C1963D4CE87DA0 /* [CP] Embed Pods Frameworks */,
				F2F19B366881FB432674B8B8 /* [CP] Copy Pods Resources */,
			);
			buildRules = (
			);
			dependencies = (
			);
			name = parkingShare;
			productName = parkingShare;
			productReference = 4434E4F71D83871800726A4C /* parkingShare.app */;
			productType = "com.apple.product-type.application";
		};
/* End PBXNativeTarget section */

/* Begin PBXProject section */
		4434E4EF1D83871800726A4C /* Project object */ = {
			isa = PBXProject;
			attributes = {
				LastSwiftUpdateCheck = 0730;
				LastUpgradeCheck = 0730;
				ORGANIZATIONNAME = "the Daniels";
				TargetAttributes = {
					4434E4F61D83871800726A4C = {
						CreatedOnToolsVersion = 7.3.1;
						DevelopmentTeam = 9RC664RQ3W;
					};
				};
			};
			buildConfigurationList = 4434E4F21D83871800726A4C /* Build configuration list for PBXProject "parkingShare" */;
			compatibilityVersion = "Xcode 3.2";
			developmentRegion = English;
			hasScannedForEncodings = 0;
			knownRegions = (
				en,
				Base,
			);
			mainGroup = 4434E4EE1D83871800726A4C;
			productRefGroup = 4434E4F81D83871800726A4C /* Products */;
			projectDirPath = "";
			projectRoot = "";
			targets = (
				4434E4F61D83871800726A4C /* parkingShare */,
			);
		};
/* End PBXProject section */

/* Begin PBXResourcesBuildPhase section */
		4434E4F51D83871800726A4C /* Resources */ = {
			isa = PBXResourcesBuildPhase;
			buildActionMask = 2147483647;
			files = (
				4434E5051D83871800726A4C /* LaunchScreen.storyboard in Resources */,
				3A399C721D84A5CA009F9D4D /* GoogleService-Info.plist in Resources */,
				4434E5021D83871800726A4C /* Assets.xcassets in Resources */,
				4434E5001D83871800726A4C /* Main.storyboard in Resources */,
			);
			runOnlyForDeploymentPostprocessing = 0;
		};
/* End PBXResourcesBuildPhase section */

/* Begin PBXShellScriptBuildPhase section */
		5035E591E86072BDFA8B8E77 /* [CP] Check Pods Manifest.lock */ = {
			isa = PBXShellScriptBuildPhase;
			buildActionMask = 2147483647;
			files = (
			);
			inputPaths = (
			);
			name = "[CP] Check Pods Manifest.lock";
			outputPaths = (
			);
			runOnlyForDeploymentPostprocessing = 0;
			shellPath = /bin/sh;
			shellScript = "diff \"${PODS_ROOT}/../Podfile.lock\" \"${PODS_ROOT}/Manifest.lock\" > /dev/null\nif [[ $? != 0 ]] ; then\n    cat << EOM\nerror: The sandbox is not in sync with the Podfile.lock. Run 'pod install' or update your CocoaPods installation.\nEOM\n    exit 1\nfi\n";
			showEnvVarsInLog = 0;
		};
		F2F19B366881FB432674B8B8 /* [CP] Copy Pods Resources */ = {
			isa = PBXShellScriptBuildPhase;
			buildActionMask = 2147483647;
			files = (
			);
			inputPaths = (
			);
			name = "[CP] Copy Pods Resources";
			outputPaths = (
			);
			runOnlyForDeploymentPostprocessing = 0;
			shellPath = /bin/sh;
			shellScript = "\"${SRCROOT}/Pods/Target Support Files/Pods-parkingShare/Pods-parkingShare-resources.sh\"\n";
			showEnvVarsInLog = 0;
		};
		FB7D736882C1963D4CE87DA0 /* [CP] Embed Pods Frameworks */ = {
			isa = PBXShellScriptBuildPhase;
			buildActionMask = 2147483647;
			files = (
			);
			inputPaths = (
			);
			name = "[CP] Embed Pods Frameworks";
			outputPaths = (
			);
			runOnlyForDeploymentPostprocessing = 0;
			shellPath = /bin/sh;
			shellScript = "\"${SRCROOT}/Pods/Target Support Files/Pods-parkingShare/Pods-parkingShare-frameworks.sh\"\n";
			showEnvVarsInLog = 0;
		};
/* End PBXShellScriptBuildPhase section */

/* Begin PBXSourcesBuildPhase section */
		4434E4F31D83871800726A4C /* Sources */ = {
			isa = PBXSourcesBuildPhase;
			buildActionMask = 2147483647;
			files = (
				3A399C7A1D84EA64009F9D4D /* Backend.swift in Sources */,
				3A399C741D84C2E5009F9D4D /* SignupViewController.swift in Sources */,
				4434E4FD1D83871800726A4C /* ViewController.swift in Sources */,
				4434E4FB1D83871800726A4C /* AppDelegate.swift in Sources */,
				4434E51F1D83FE9900726A4C /* database.swift in Sources */,
				4434E5211D84018B00726A4C /* listing.swift in Sources */,
				4434E51C1D83EC4400726A4C /* userAuthentication.swift in Sources */,
				3A399C7C1D84EE1F009F9D4D /* sharedManager.swift in Sources */,
				3A399C761D84CEBF009F9D4D /* MapViewController.swift in Sources */,
			);
			runOnlyForDeploymentPostprocessing = 0;
		};
/* End PBXSourcesBuildPhase section */

/* Begin PBXVariantGroup section */
		4434E4FE1D83871800726A4C /* Main.storyboard */ = {
			isa = PBXVariantGroup;
			children = (
				4434E4FF1D83871800726A4C /* Base */,
			);
			name = Main.storyboard;
			sourceTree = "<group>";
		};
		4434E5031D83871800726A4C /* LaunchScreen.storyboard */ = {
			isa = PBXVariantGroup;
			children = (
				4434E5041D83871800726A4C /* Base */,
			);
			name = LaunchScreen.storyboard;
			sourceTree = "<group>";
		};
/* End PBXVariantGroup section */

/* Begin XCBuildConfiguration section */
		4434E5071D83871800726A4C /* Debug */ = {
			isa = XCBuildConfiguration;
			buildSettings = {
				ALWAYS_SEARCH_USER_PATHS = NO;
				CLANG_ANALYZER_NONNULL = YES;
				CLANG_CXX_LANGUAGE_STANDARD = "gnu++0x";
				CLANG_CXX_LIBRARY = "libc++";
				CLANG_ENABLE_MODULES = YES;
				CLANG_ENABLE_OBJC_ARC = YES;
				CLANG_WARN_BOOL_CONVERSION = YES;
				CLANG_WARN_CONSTANT_CONVERSION = YES;
				CLANG_WARN_DIRECT_OBJC_ISA_USAGE = YES_ERROR;
				CLANG_WARN_EMPTY_BODY = YES;
				CLANG_WARN_ENUM_CONVERSION = YES;
				CLANG_WARN_INT_CONVERSION = YES;
				CLANG_WARN_OBJC_ROOT_CLASS = YES_ERROR;
				CLANG_WARN_UNREACHABLE_CODE = YES;
				CLANG_WARN__DUPLICATE_METHOD_MATCH = YES;
				"CODE_SIGN_IDENTITY[sdk=iphoneos*]" = "iPhone Developer";
				COPY_PHASE_STRIP = NO;
				DEBUG_INFORMATION_FORMAT = dwarf;
				ENABLE_STRICT_OBJC_MSGSEND = YES;
				ENABLE_TESTABILITY = YES;
				GCC_C_LANGUAGE_STANDARD = gnu99;
				GCC_DYNAMIC_NO_PIC = NO;
				GCC_NO_COMMON_BLOCKS = YES;
				GCC_OPTIMIZATION_LEVEL = 0;
				GCC_PREPROCESSOR_DEFINITIONS = (
					"DEBUG=1",
					"$(inherited)",
				);
				GCC_WARN_64_TO_32_BIT_CONVERSION = YES;
				GCC_WARN_ABOUT_RETURN_TYPE = YES_ERROR;
				GCC_WARN_UNDECLARED_SELECTOR = YES;
				GCC_WARN_UNINITIALIZED_AUTOS = YES_AGGRESSIVE;
				GCC_WARN_UNUSED_FUNCTION = YES;
				GCC_WARN_UNUSED_VARIABLE = YES;
				IPHONEOS_DEPLOYMENT_TARGET = 9.3;
				MTL_ENABLE_DEBUG_INFO = YES;
				ONLY_ACTIVE_ARCH = YES;
				SDKROOT = iphoneos;
				SWIFT_OPTIMIZATION_LEVEL = "-Onone";
				TARGETED_DEVICE_FAMILY = "1,2";
			};
			name = Debug;
		};
		4434E5081D83871800726A4C /* Release */ = {
			isa = XCBuildConfiguration;
			buildSettings = {
				ALWAYS_SEARCH_USER_PATHS = NO;
				CLANG_ANALYZER_NONNULL = YES;
				CLANG_CXX_LANGUAGE_STANDARD = "gnu++0x";
				CLANG_CXX_LIBRARY = "libc++";
				CLANG_ENABLE_MODULES = YES;
				CLANG_ENABLE_OBJC_ARC = YES;
				CLANG_WARN_BOOL_CONVERSION = YES;
				CLANG_WARN_CONSTANT_CONVERSION = YES;
				CLANG_WARN_DIRECT_OBJC_ISA_USAGE = YES_ERROR;
				CLANG_WARN_EMPTY_BODY = YES;
				CLANG_WARN_ENUM_CONVERSION = YES;
				CLANG_WARN_INT_CONVERSION = YES;
				CLANG_WARN_OBJC_ROOT_CLASS = YES_ERROR;
				CLANG_WARN_UNREACHABLE_CODE = YES;
				CLANG_WARN__DUPLICATE_METHOD_MATCH = YES;
				"CODE_SIGN_IDENTITY[sdk=iphoneos*]" = "iPhone Developer";
				COPY_PHASE_STRIP = NO;
				DEBUG_INFORMATION_FORMAT = "dwarf-with-dsym";
				ENABLE_NS_ASSERTIONS = NO;
				ENABLE_STRICT_OBJC_MSGSEND = YES;
				GCC_C_LANGUAGE_STANDARD = gnu99;
				GCC_NO_COMMON_BLOCKS = YES;
				GCC_WARN_64_TO_32_BIT_CONVERSION = YES;
				GCC_WARN_ABOUT_RETURN_TYPE = YES_ERROR;
				GCC_WARN_UNDECLARED_SELECTOR = YES;
				GCC_WARN_UNINITIALIZED_AUTOS = YES_AGGRESSIVE;
				GCC_WARN_UNUSED_FUNCTION = YES;
				GCC_WARN_UNUSED_VARIABLE = YES;
				IPHONEOS_DEPLOYMENT_TARGET = 9.3;
				MTL_ENABLE_DEBUG_INFO = NO;
				SDKROOT = iphoneos;
				TARGETED_DEVICE_FAMILY = "1,2";
				VALIDATE_PRODUCT = YES;
			};
			name = Release;
		};
		4434E50A1D83871800726A4C /* Debug */ = {
			isa = XCBuildConfiguration;
			baseConfigurationReference = D10A47F981ED3E37E002CF2C /* Pods-parkingShare.debug.xcconfig */;
			buildSettings = {
				ASSETCATALOG_COMPILER_APPICON_NAME = AppIcon;
				CLANG_ENABLE_MODULES = YES;
				CODE_SIGN_IDENTITY = "iPhone Developer";
				"CODE_SIGN_IDENTITY[sdk=iphoneos*]" = "iPhone Developer";
				INFOPLIST_FILE = parkingShare/Info.plist;
				LD_RUNPATH_SEARCH_PATHS = "$(inherited) @executable_path/Frameworks";
				PRODUCT_BUNDLE_IDENTIFIER = thedaniels.parkingShare;
				PRODUCT_NAME = "$(TARGET_NAME)";
				PROVISIONING_PROFILE = "";
				SWIFT_OBJC_BRIDGING_HEADER = "parkingShare/parkingShare-Bridging-Header.h";
				SWIFT_OPTIMIZATION_LEVEL = "-Onone";
			};
			name = Debug;
		};
		4434E50B1D83871800726A4C /* Release */ = {
			isa = XCBuildConfiguration;
			baseConfigurationReference = 15660B58C6B3067C732FBA51 /* Pods-parkingShare.release.xcconfig */;
			buildSettings = {
				ASSETCATALOG_COMPILER_APPICON_NAME = AppIcon;
				CLANG_ENABLE_MODULES = YES;
				CODE_SIGN_IDENTITY = "iPhone Developer";
				"CODE_SIGN_IDENTITY[sdk=iphoneos*]" = "iPhone Developer";
				INFOPLIST_FILE = parkingShare/Info.plist;
				LD_RUNPATH_SEARCH_PATHS = "$(inherited) @executable_path/Frameworks";
				PRODUCT_BUNDLE_IDENTIFIER = thedaniels.parkingShare;
				PRODUCT_NAME = "$(TARGET_NAME)";
				PROVISIONING_PROFILE = "";
				SWIFT_OBJC_BRIDGING_HEADER = "parkingShare/parkingShare-Bridging-Header.h";
			};
			name = Release;
		};
/* End XCBuildConfiguration section */

/* Begin XCConfigurationList section */
		4434E4F21D83871800726A4C /* Build configuration list for PBXProject "parkingShare" */ = {
			isa = XCConfigurationList;
			buildConfigurations = (
				4434E5071D83871800726A4C /* Debug */,
				4434E5081D83871800726A4C /* Release */,
			);
			defaultConfigurationIsVisible = 0;
			defaultConfigurationName = Release;
		};
		4434E5091D83871800726A4C /* Build configuration list for PBXNativeTarget "parkingShare" */ = {
			isa = XCConfigurationList;
			buildConfigurations = (
				4434E50A1D83871800726A4C /* Debug */,
				4434E50B1D83871800726A4C /* Release */,
			);
			defaultConfigurationIsVisible = 0;
			defaultConfigurationName = Release;
		};
/* End XCConfigurationList section */
	};
	rootObject = 4434E4EF1D83871800726A4C /* Project object */;
}
